
Microsoft Visual Studio Solution File, Format Version 12.00
# Visual Studio Version 16
VisualStudioVersion = 16.0.29709.97
MinimumVisualStudioVersion = 10.0.40219.1
Project("{FAE04EC0-301F-11D3-BF4B-00C04F79EFBC}") = "FinalProject", "FinalProject\FinalProject.csproj", "{375F06A3-2908-4045-87FD-F72316212908}"
EndProject
Global
	GlobalSection(SolutionConfigurationPlatforms) = preSolution
		Debug|Any CPU = Debug|Any CPU
		Release|Any CPU = Release|Any CPU
	EndGlobalSection
	GlobalSection(ProjectConfigurationPlatforms) = postSolution
		{375F06A3-2908-4045-87FD-F72316212908}.Debug|Any CPU.ActiveCfg = Debug|Any CPU
		{375F06A3-2908-4045-87FD-F72316212908}.Debug|Any CPU.Build.0 = Debug|Any CPU
		{375F06A3-2908-4045-87FD-F72316212908}.Release|Any CPU.ActiveCfg = Release|Any CPU
		{375F06A3-2908-4045-87FD-F72316212908}.Release|Any CPU.Build.0 = Release|Any CPU
	EndGlobalSection
	GlobalSection(SolutionProperties) = preSolution
		HideSolutionNode = FALSE
	EndGlobalSection
	GlobalSection(ExtensibilityGlobals) = postSolution
		SolutionGuid = {382465B3-4846-4A6D-93FA-4B73F993F346}
	EndGlobalSection
EndGlobal
